<?xml version="1.0" encoding="utf-8"?>
<Project ToolsVersion="4.0" xmlns="http://schemas.microsoft.com/developer/msbuild/2003">
  <ItemGroup>
    <Filter Include="Source Files">
      <UniqueIdentifier>{4FC737F1-C7A5-4376-A066-2A32D752A2FF}</UniqueIdentifier>
      <Extensions>cpp;c;cc;cxx;def;odl;idl;hpj;bat;asm;asmx</Extensions>
    </Filter>
    <Filter Include="Header Files">
      <UniqueIdentifier>{93995380-89BD-4b04-88EB-625FBE52EBFB}</UniqueIdentifier>
      <Extensions>h;hh;hpp;hxx;hm;inl;inc;xsd</Extensions>
    </Filter>
    <Filter Include="Resource Files">
      <UniqueIdentifier>{67DA6AB6-F800-4c08-8B7A-83BB121AAD01}</UniqueIdentifier>
      <Extensions>rc;ico;cur;bmp;dlg;rc2;rct;bin;rgs;gif;jpg;jpeg;jpe;resx;tiff;tif;png;wav</Extensions>
    </Filter>
  </ItemGroup>
  <ItemGroup>
    <ClCompile Include="CreateArc.cpp">
      <Filter>Source Files</Filter>
    </ClCompile>
    <ClCompile Include="GeomUtils.cpp">
      <Filter>Source Files</Filter>
    </ClCompile>
    <ClCompile Include="Mnj4x4Matrix.cpp">
      <Filter>Source Files</Filter>
    </ClCompile>
    <ClCompile Include="MnjArc.cpp">
      <Filter>Source Files</Filter>
    </ClCompile>
    <ClCompile Include="MnjArc1.cpp">
      <Filter>Source Files</Filter>
    </ClCompile>
    <ClCompile Include="MnjBiDirectionalMerge.cpp">
      <Filter>Source Files</Filter>
    </ClCompile>
    <ClCompile Include="MnjCircle.cpp">
      <Filter>Source Files</Filter>
    </ClCompile>
    <ClCompile Include="MnjDirection.cpp">
      <Filter>Source Files</Filter>
    </ClCompile>
    <ClCompile Include="MnjInfiniteLine.cpp">
      <Filter>Source Files</Filter>
    </ClCompile>
    <ClCompile Include="MnjInterval.cpp">
      <Filter>Source Files</Filter>
    </ClCompile>
    <ClCompile Include="MnjLine.cpp">
      <Filter>Source Files</Filter>
    </ClCompile>
    <ClCompile Include="MnjMainDev.cpp">
      <Filter>Source Files</Filter>
    </ClCompile>
    <ClCompile Include="MnjOperators.cpp">
      <Filter>Source Files</Filter>
    </ClCompile>
    <ClCompile Include="MnjPlane.cpp">
      <Filter>Source Files</Filter>
    </ClCompile>
    <ClCompile Include="MnjPoint.cpp">
      <Filter>Source Files</Filter>
    </ClCompile>
    <ClCompile Include="MnjSmoothableArc.cpp">
      <Filter>Source Files</Filter>
    </ClCompile>
    <ClCompile Include="MnjSmoothableLine.cpp">
      <Filter>Source Files</Filter>
    </ClCompile>
    <ClCompile Include="MnjSmoothableSegment.cpp">
      <Filter>Source Files</Filter>
    </ClCompile>
    <ClCompile Include="MnjSmoother.cpp">
      <Filter>Source Files</Filter>
    </ClCompile>
    <ClCompile Include="MnjSmootherUtils.cpp">
      <Filter>Source Files</Filter>
    </ClCompile>
    <ClCompile Include="MnjVector.cpp">
      <Filter>Source Files</Filter>
    </ClCompile>
    <ClCompile Include="opennurbs_arc.cpp">
      <Filter>Source Files</Filter>
    </ClCompile>
    <ClCompile Include="opennurbs_circle.cpp">
      <Filter>Source Files</Filter>
    </ClCompile>
    <ClCompile Include="opennurbs_crc.cpp">
      <Filter>Source Files</Filter>
    </ClCompile>
    <ClCompile Include="opennurbs_plane.cpp">
      <Filter>Source Files</Filter>
    </ClCompile>
    <ClCompile Include="Segment.cpp">
      <Filter>Source Files</Filter>
    </ClCompile>
    <ClCompile Include="TestGeomUtils.cpp">
      <Filter>Source Files</Filter>
    </ClCompile>
    <ClCompile Include="TestManojMath.cpp">
      <Filter>Source Files</Filter>
    </ClCompile>
    <ClCompile Include="TestMnjSmoother.cpp">
      <Filter>Source Files</Filter>
    </ClCompile>
  </ItemGroup>
  <ItemGroup>
    <ClInclude Include="ErrorUtils.h">
      <Filter>Header Files</Filter>
    </ClInclude>
    <ClInclude Include="GeomUtils.h">
      <Filter>Header Files</Filter>
    </ClInclude>
    <ClInclude Include="GeomUtils2D.h">
      <Filter>Header Files</Filter>
    </ClInclude>
    <ClInclude Include="MathConstant.h">
      <Filter>Header Files</Filter>
    </ClInclude>
    <ClInclude Include="Mnj4x4Matrix.h">
      <Filter>Header Files</Filter>
    </ClInclude>
    <ClInclude Include="MnjArc.h">
      <Filter>Header Files</Filter>
    </ClInclude>
    <ClInclude Include="MnjBiDirectionalMerge.h">
      <Filter>Header Files</Filter>
    </ClInclude>
    <ClInclude Include="MnjCircle.h">
      <Filter>Header Files</Filter>
    </ClInclude>
    <ClInclude Include="MnjDebug.h">
      <Filter>Header Files</Filter>
    </ClInclude>
    <ClInclude Include="MnjDirection.h">
      <Filter>Header Files</Filter>
    </ClInclude>
    <ClInclude Include="MnjInfiniteLine.h">
      <Filter>Header Files</Filter>
    </ClInclude>
    <ClInclude Include="MnjInterval.h">
      <Filter>Header Files</Filter>
    </ClInclude>
    <ClInclude Include="MnjLine.h">
      <Filter>Header Files</Filter>
    </ClInclude>
    <ClInclude Include="MnjOperators.h">
      <Filter>Header Files</Filter>
    </ClInclude>
    <ClInclude Include="MnjPlane.h">
      <Filter>Header Files</Filter>
    </ClInclude>
    <ClInclude Include="MnjPoint.h">
      <Filter>Header Files</Filter>
    </ClInclude>
    <ClInclude Include="MnjSmoothableArc.h">
      <Filter>Header Files</Filter>
    </ClInclude>
    <ClInclude Include="MnjSmoothableLine.h">
      <Filter>Header Files</Filter>
    </ClInclude>
    <ClInclude Include="MnjSmoothableSegment.h">
      <Filter>Header Files</Filter>
    </ClInclude>
    <ClInclude Include="MnjSmoother.h">
      <Filter>Header Files</Filter>
    </ClInclude>
    <ClInclude Include="MnjSmootherUtils.h">
      <Filter>Header Files</Filter>
    </ClInclude>
    <ClInclude Include="MnjVector.h">
      <Filter>Header Files</Filter>
    </ClInclude>
    <ClInclude Include="opennurbs.h">
      <Filter>Header Files</Filter>
    </ClInclude>
    <ClInclude Include="opennurbs_3dm.h">
      <Filter>Header Files</Filter>
    </ClInclude>
    <ClInclude Include="opennurbs_arc.h">
      <Filter>Header Files</Filter>
    </ClInclude>
    <ClInclude Include="opennurbs_circle.h">
      <Filter>Header Files</Filter>
    </ClInclude>
    <ClInclude Include="opennurbs_crc.h">
      <Filter>Header Files</Filter>
    </ClInclude>
    <ClInclude Include="opennurbs_defines.h">
      <Filter>Header Files</Filter>
    </ClInclude>
    <ClInclude Include="opennurbs_error.h">
      <Filter>Header Files</Filter>
    </ClInclude>
    <ClInclude Include="opennurbs_memory.h">
      <Filter>Header Files</Filter>
    </ClInclude>
    <ClInclude Include="opennurbs_plane.h">
      <Filter>Header Files</Filter>
    </ClInclude>
    <ClInclude Include="opennurbs_rand.h">
      <Filter>Header Files</Filter>
    </ClInclude>
    <ClInclude Include="opennurbs_system.h">
      <Filter>Header Files</Filter>
    </ClInclude>
    <ClInclude Include="opennurbs_uuid.h">
      <Filter>Header Files</Filter>
    </ClInclude>
    <ClInclude Include="Segment.h">
      <Filter>Header Files</Filter>
    </ClInclude>
    <ClInclude Include="TestGeomUtils.h">
      <Filter>Header Files</Filter>
    </ClInclude>
    <ClInclude Include="TestMnjSmoother.h">
      <Filter>Header Files</Filter>
    </ClInclude>
    <ClInclude Include="MnjMathNamespace.h">
      <Filter>Header Files</Filter>
    </ClInclude>
  </ItemGroup>
</Project>