
Microsoft Visual Studio Solution File, Format Version 12.00
# Visual Studio Version 17
VisualStudioVersion = 17.4.33205.214
MinimumVisualStudioVersion = 10.0.40219.1
Project("{8BC9CEB8-8B4A-11D0-8D11-00A0C91BC942}") = "ManojMathVS15", "ManojMathVS15.vcxproj", "{7CB0440D-89F9-4997-8A5E-F4B5B3706E2A}"
EndProject
Project("{8BC9CEB8-8B4A-11D0-8D11-00A0C91BC942}") = "MnjGraph", "MnjGraph\MnjGraph.vcxproj", "{2598083B-F258-4C37-84F0-055ED07ED66B}"
EndProject
Project("{8BC9CEB8-8B4A-11D0-8D11-00A0C91BC942}") = "lThreads", "lThreads\lThreads.vcxproj", "{BA78B030-8B80-4F10-BA87-52C261C64356}"
EndProject
Project("{8BC9CEB8-8B4A-11D0-8D11-00A0C91BC942}") = "Geom", "Geom\Geom\Geom.vcxproj", "{83225653-43A4-4BA8-AEE9-E4209083EDBD}"
EndProject
Project("{8BC9CEB8-8B4A-11D0-8D11-00A0C91BC942}") = "boost_geom", "boost_geom\boost_geom.vcxproj", "{E414C6D8-A70D-4D7B-ABA5-A28D6CDB9ED3}"
EndProject
Project("{2150E333-8FDC-42A3-9474-1A3956D46DE8}") = "Solution Items", "Solution Items", "{1EA5DED6-610C-493F-8AA0-3E01598D5572}"
	ProjectSection(SolutionItems) = preProject
		readme.txt = readme.txt
	EndProjectSection
EndProject
Project("{8BC9CEB8-8B4A-11D0-8D11-00A0C91BC942}") = "TriangleSoupTest", "TriangleSoupTest\TriangleSoupTest.vcxproj", "{4EA7AE6F-90EF-4302-8C8B-789AE626376C}"
EndProject
Project("{8BC9CEB8-8B4A-11D0-8D11-00A0C91BC942}") = "TriangleSoup", "TriangleSoup\TriangleSoup.vcxproj", "{C7A88757-36D3-4431-B49E-73E127E97DA5}"
EndProject
Global
	GlobalSection(SolutionConfigurationPlatforms) = preSolution
		Debug|x64 = Debug|x64
		Debug|x86 = Debug|x86
		Release|x64 = Release|x64
		Release|x86 = Release|x86
	EndGlobalSection
	GlobalSection(ProjectConfigurationPlatforms) = postSolution
		{7CB0440D-89F9-4997-8A5E-F4B5B3706E2A}.Debug|x64.ActiveCfg = Debug|Win32
		{7CB0440D-89F9-4997-8A5E-F4B5B3706E2A}.Debug|x86.ActiveCfg = Debug|Win32
		{7CB0440D-89F9-4997-8A5E-F4B5B3706E2A}.Debug|x86.Build.0 = Debug|Win32
		{7CB0440D-89F9-4997-8A5E-F4B5B3706E2A}.Release|x64.ActiveCfg = Release|Win32
		{7CB0440D-89F9-4997-8A5E-F4B5B3706E2A}.Release|x86.ActiveCfg = Release|Win32
		{7CB0440D-89F9-4997-8A5E-F4B5B3706E2A}.Release|x86.Build.0 = Release|Win32
		{2598083B-F258-4C37-84F0-055ED07ED66B}.Debug|x64.ActiveCfg = Debug|x64
		{2598083B-F258-4C37-84F0-055ED07ED66B}.Debug|x64.Build.0 = Debug|x64
		{2598083B-F258-4C37-84F0-055ED07ED66B}.Debug|x86.ActiveCfg = Debug|Win32
		{2598083B-F258-4C37-84F0-055ED07ED66B}.Debug|x86.Build.0 = Debug|Win32
		{2598083B-F258-4C37-84F0-055ED07ED66B}.Release|x64.ActiveCfg = Release|x64
		{2598083B-F258-4C37-84F0-055ED07ED66B}.Release|x64.Build.0 = Release|x64
		{2598083B-F258-4C37-84F0-055ED07ED66B}.Release|x86.ActiveCfg = Release|Win32
		{2598083B-F258-4C37-84F0-055ED07ED66B}.Release|x86.Build.0 = Release|Win32
		{BA78B030-8B80-4F10-BA87-52C261C64356}.Debug|x64.ActiveCfg = Debug|x64
		{BA78B030-8B80-4F10-BA87-52C261C64356}.Debug|x64.Build.0 = Debug|x64
		{BA78B030-8B80-4F10-BA87-52C261C64356}.Debug|x86.ActiveCfg = Debug|Win32
		{BA78B030-8B80-4F10-BA87-52C261C64356}.Debug|x86.Build.0 = Debug|Win32
		{BA78B030-8B80-4F10-BA87-52C261C64356}.Release|x64.ActiveCfg = Release|x64
		{BA78B030-8B80-4F10-BA87-52C261C64356}.Release|x64.Build.0 = Release|x64
		{BA78B030-8B80-4F10-BA87-52C261C64356}.Release|x86.ActiveCfg = Release|Win32
		{BA78B030-8B80-4F10-BA87-52C261C64356}.Release|x86.Build.0 = Release|Win32
		{83225653-43A4-4BA8-AEE9-E4209083EDBD}.Debug|x64.ActiveCfg = Debug|x64
		{83225653-43A4-4BA8-AEE9-E4209083EDBD}.Debug|x64.Build.0 = Debug|x64
		{83225653-43A4-4BA8-AEE9-E4209083EDBD}.Debug|x86.ActiveCfg = Debug|Win32
		{83225653-43A4-4BA8-AEE9-E4209083EDBD}.Debug|x86.Build.0 = Debug|Win32
		{83225653-43A4-4BA8-AEE9-E4209083EDBD}.Release|x64.ActiveCfg = Release|x64
		{83225653-43A4-4BA8-AEE9-E4209083EDBD}.Release|x64.Build.0 = Release|x64
		{83225653-43A4-4BA8-AEE9-E4209083EDBD}.Release|x86.ActiveCfg = Release|Win32
		{83225653-43A4-4BA8-AEE9-E4209083EDBD}.Release|x86.Build.0 = Release|Win32
		{E414C6D8-A70D-4D7B-ABA5-A28D6CDB9ED3}.Debug|x64.ActiveCfg = Debug|x64
		{E414C6D8-A70D-4D7B-ABA5-A28D6CDB9ED3}.Debug|x64.Build.0 = Debug|x64
		{E414C6D8-A70D-4D7B-ABA5-A28D6CDB9ED3}.Debug|x86.ActiveCfg = Debug|Win32
		{E414C6D8-A70D-4D7B-ABA5-A28D6CDB9ED3}.Debug|x86.Build.0 = Debug|Win32
		{E414C6D8-A70D-4D7B-ABA5-A28D6CDB9ED3}.Release|x64.ActiveCfg = Release|x64
		{E414C6D8-A70D-4D7B-ABA5-A28D6CDB9ED3}.Release|x64.Build.0 = Release|x64
		{E414C6D8-A70D-4D7B-ABA5-A28D6CDB9ED3}.Release|x86.ActiveCfg = Release|Win32
		{E414C6D8-A70D-4D7B-ABA5-A28D6CDB9ED3}.Release|x86.Build.0 = Release|Win32
		{4EA7AE6F-90EF-4302-8C8B-789AE626376C}.Debug|x64.ActiveCfg = Debug|x64
		{4EA7AE6F-90EF-4302-8C8B-789AE626376C}.Debug|x64.Build.0 = Debug|x64
		{4EA7AE6F-90EF-4302-8C8B-789AE626376C}.Debug|x86.ActiveCfg = Debug|Win32
		{4EA7AE6F-90EF-4302-8C8B-789AE626376C}.Debug|x86.Build.0 = Debug|Win32
		{4EA7AE6F-90EF-4302-8C8B-789AE626376C}.Release|x64.ActiveCfg = Release|x64
		{4EA7AE6F-90EF-4302-8C8B-789AE626376C}.Release|x64.Build.0 = Release|x64
		{4EA7AE6F-90EF-4302-8C8B-789AE626376C}.Release|x86.ActiveCfg = Release|Win32
		{4EA7AE6F-90EF-4302-8C8B-789AE626376C}.Release|x86.Build.0 = Release|Win32
		{C7A88757-36D3-4431-B49E-73E127E97DA5}.Debug|x64.ActiveCfg = Debug|x64
		{C7A88757-36D3-4431-B49E-73E127E97DA5}.Debug|x64.Build.0 = Debug|x64
		{C7A88757-36D3-4431-B49E-73E127E97DA5}.Debug|x86.ActiveCfg = Debug|Win32
		{C7A88757-36D3-4431-B49E-73E127E97DA5}.Debug|x86.Build.0 = Debug|Win32
		{C7A88757-36D3-4431-B49E-73E127E97DA5}.Release|x64.ActiveCfg = Release|x64
		{C7A88757-36D3-4431-B49E-73E127E97DA5}.Release|x64.Build.0 = Release|x64
		{C7A88757-36D3-4431-B49E-73E127E97DA5}.Release|x86.ActiveCfg = Release|Win32
		{C7A88757-36D3-4431-B49E-73E127E97DA5}.Release|x86.Build.0 = Release|Win32
	EndGlobalSection
	GlobalSection(SolutionProperties) = preSolution
		HideSolutionNode = FALSE
	EndGlobalSection
	GlobalSection(ExtensibilityGlobals) = postSolution
		SolutionGuid = {62E2D791-CDE7-4AE8-8E04-5FD9CD172EEC}
	EndGlobalSection
EndGlobal
